
Microsoft Visual Studio Solution File, Format Version 12.00
# Visual Studio Version 17
VisualStudioVersion = 17.0.31912.275
MinimumVisualStudioVersion = 10.0.40219.1
Project("{FAE04EC0-301F-11D3-BF4B-00C04F79EFBC}") = "FunctionsRestController", "FunctionsRestController\FunctionsRestController.csproj", "{577E6F14-E46D-460F-8C64-AD30D464BE79}"
EndProject
Global
	GlobalSection(SolutionConfigurationPlatforms) = preSolution
		Debug|Any CPU = Debug|Any CPU
		Release|Any CPU = Release|Any CPU
	EndGlobalSection
	GlobalSection(ProjectConfigurationPlatforms) = postSolution
		{577E6F14-E46D-460F-8C64-AD30D464BE79}.Debug|Any CPU.ActiveCfg = Debug|Any CPU
		{577E6F14-E46D-460F-8C64-AD30D464BE79}.Debug|Any CPU.Build.0 = Debug|Any CPU
		{577E6F14-E46D-460F-8C64-AD30D464BE79}.Release|Any CPU.ActiveCfg = Release|Any CPU
		{577E6F14-E46D-460F-8C64-AD30D464BE79}.Release|Any CPU.Build.0 = Release|Any CPU
	EndGlobalSection
	GlobalSection(SolutionProperties) = preSolution
		HideSolutionNode = FALSE
	EndGlobalSection
	GlobalSection(ExtensibilityGlobals) = postSolution
		SolutionGuid = {34EAC253-0DB6-4166-A92F-A07F2D528007}
	EndGlobalSection
EndGlobal
